
Microsoft Visual Studio Solution File, Format Version 12.00
# Visual Studio Version 17
VisualStudioVersion = 17.9.34622.214
MinimumVisualStudioVersion = 10.0.40219.1
Project("{FAE04EC0-301F-11D3-BF4B-00C04F79EFBC}") = "Magic Oven", "Magic Oven.csproj", "{CF5F99AB-4F1B-4CB4-9A35-ED0931E52BB1}"
EndProject
Global
	GlobalSection(SolutionConfigurationPlatforms) = preSolution
		Debug|Any CPU = Debug|Any CPU
		Release|Any CPU = Release|Any CPU
	EndGlobalSection
	GlobalSection(ProjectConfigurationPlatforms) = postSolution
		{CF5F99AB-4F1B-4CB4-9A35-ED0931E52BB1}.Debug|Any CPU.ActiveCfg = Debug|Any CPU
		{CF5F99AB-4F1B-4CB4-9A35-ED0931E52BB1}.Debug|Any CPU.Build.0 = Debug|Any CPU
		{CF5F99AB-4F1B-4CB4-9A35-ED0931E52BB1}.Release|Any CPU.ActiveCfg = Release|Any CPU
		{CF5F99AB-4F1B-4CB4-9A35-ED0931E52BB1}.Release|Any CPU.Build.0 = Release|Any CPU
	EndGlobalSection
	GlobalSection(SolutionProperties) = preSolution
		HideSolutionNode = FALSE
	EndGlobalSection
	GlobalSection(ExtensibilityGlobals) = postSolution
		SolutionGuid = {85AF7CB8-A98F-467C-B0DA-D989500984B5}
	EndGlobalSection
EndGlobal
